
Microsoft Visual Studio Solution File, Format Version 12.00
# Visual Studio Version 17
VisualStudioVersion = 17.11.35303.130
MinimumVisualStudioVersion = 10.0.40219.1
Project("{FAE04EC0-301F-11D3-BF4B-00C04F79EFBC}") = "Онгудайский район", "Онгудайский район.csproj", "{F17AC260-AFF3-4F4F-B62B-6D9027C21B1F}"
EndProject
Global
	GlobalSection(SolutionConfigurationPlatforms) = preSolution
		Debug|Any CPU = Debug|Any CPU
		Release|Any CPU = Release|Any CPU
	EndGlobalSection
	GlobalSection(ProjectConfigurationPlatforms) = postSolution
		{F17AC260-AFF3-4F4F-B62B-6D9027C21B1F}.Debug|Any CPU.ActiveCfg = Debug|Any CPU
		{F17AC260-AFF3-4F4F-B62B-6D9027C21B1F}.Debug|Any CPU.Build.0 = Debug|Any CPU
		{F17AC260-AFF3-4F4F-B62B-6D9027C21B1F}.Release|Any CPU.ActiveCfg = Release|Any CPU
		{F17AC260-AFF3-4F4F-B62B-6D9027C21B1F}.Release|Any CPU.Build.0 = Release|Any CPU
	EndGlobalSection
	GlobalSection(SolutionProperties) = preSolution
		HideSolutionNode = FALSE
	EndGlobalSection
	GlobalSection(ExtensibilityGlobals) = postSolution
		SolutionGuid = {64EDC2D8-C46A-4171-AD7A-6C344FB1E047}
	EndGlobalSection
EndGlobal
